// !$*UTF8*$!
{
	archiveVersion = 1;
	classes = {
	};
	objectVersion = 50;
	objects = {

/* Begin PBXBuildFile section */
		11F35C4425575BA700C520F8 /* AppDelegate.swift in Sources */ = {isa = PBXBuildFile; fileRef = 11F35C4325575BA700C520F8 /* AppDelegate.swift */; };
		11F35C4625575BA700C520F8 /* SceneDelegate.swift in Sources */ = {isa = PBXBuildFile; fileRef = 11F35C4525575BA700C520F8 /* SceneDelegate.swift */; };
		11F35C4825575BA700C520F8 /* ViewController.swift in Sources */ = {isa = PBXBuildFile; fileRef = 11F35C4725575BA700C520F8 /* ViewController.swift */; };
		11F35C4B25575BA700C520F8 /* Main.storyboard in Resources */ = {isa = PBXBuildFile; fileRef = 11F35C4925575BA700C520F8 /* Main.storyboard */; };
		11F35C4D25575BAA00C520F8 /* Assets.xcassets in Resources */ = {isa = PBXBuildFile; fileRef = 11F35C4C25575BAA00C520F8 /* Assets.xcassets */; };
		11F35C5025575BAA00C520F8 /* LaunchScreen.storyboard in Resources */ = {isa = PBXBuildFile; fileRef = 11F35C4E25575BAA00C520F8 /* LaunchScreen.storyboard */; };
		11F35C5B25575BAA00C520F8 /* Cooking_by_the_BookTests.swift in Sources */ = {isa = PBXBuildFile; fileRef = 11F35C5A25575BAA00C520F8 /* Cooking_by_the_BookTests.swift */; };
		11F35C6625575BAA00C520F8 /* Cooking_by_the_BookUITests.swift in Sources */ = {isa = PBXBuildFile; fileRef = 11F35C6525575BAA00C520F8 /* Cooking_by_the_BookUITests.swift */; };
/* End PBXBuildFile section */

/* Begin PBXContainerItemProxy section */
		11F35C5725575BAA00C520F8 /* PBXContainerItemProxy */ = {
			isa = PBXContainerItemProxy;
			containerPortal = 11F35C3825575BA700C520F8 /* Project object */;
			proxyType = 1;
			remoteGlobalIDString = 11F35C3F25575BA700C520F8;
			remoteInfo = "Cooking-by-the-Book";
		};
		11F35C6225575BAA00C520F8 /* PBXContainerItemProxy */ = {
			isa = PBXContainerItemProxy;
			containerPortal = 11F35C3825575BA700C520F8 /* Project object */;
			proxyType = 1;
			remoteGlobalIDString = 11F35C3F25575BA700C520F8;
			remoteInfo = "Cooking-by-the-Book";
		};
/* End PBXContainerItemProxy section */

/* Begin PBXFileReference section */
		11F35C4025575BA700C520F8 /* Cooking-by-the-Book.app */ = {isa = PBXFileReference; explicitFileType = wrapper.application; includeInIndex = 0; path = "Cooking-by-the-Book.app"; sourceTree = BUILT_PRODUCTS_DIR; };
		11F35C4325575BA700C520F8 /* AppDelegate.swift */ = {isa = PBXFileReference; lastKnownFileType = sourcecode.swift; path = AppDelegate.swift; sourceTree = "<group>"; };
		11F35C4525575BA700C520F8 /* SceneDelegate.swift */ = {isa = PBXFileReference; lastKnownFileType = sourcecode.swift; path = SceneDelegate.swift; sourceTree = "<group>"; };
		11F35C4725575BA700C520F8 /* ViewController.swift */ = {isa = PBXFileReference; lastKnownFileType = sourcecode.swift; path = ViewController.swift; sourceTree = "<group>"; };
		11F35C4A25575BA700C520F8 /* Base */ = {isa = PBXFileReference; lastKnownFileType = file.storyboard; name = Base; path = Base.lproj/Main.storyboard; sourceTree = "<group>"; };
		11F35C4C25575BAA00C520F8 /* Assets.xcassets */ = {isa = PBXFileReference; lastKnownFileType = folder.assetcatalog; path = Assets.xcassets; sourceTree = "<group>"; };
		11F35C4F25575BAA00C520F8 /* Base */ = {isa = PBXFileReference; lastKnownFileType = file.storyboard; name = Base; path = Base.lproj/LaunchScreen.storyboard; sourceTree = "<group>"; };
		11F35C5125575BAA00C520F8 /* Info.plist */ = {isa = PBXFileReference; lastKnownFileType = text.plist.xml; path = Info.plist; sourceTree = "<group>"; };
		11F35C5625575BAA00C520F8 /* Cooking-by-the-BookTests.xctest */ = {isa = PBXFileReference; explicitFileType = wrapper.cfbundle; includeInIndex = 0; path = "Cooking-by-the-BookTests.xctest"; sourceTree = BUILT_PRODUCTS_DIR; };
		11F35C5A25575BAA00C520F8 /* Cooking_by_the_BookTests.swift */ = {isa = PBXFileReference; lastKnownFileType = sourcecode.swift; path = Cooking_by_the_BookTests.swift; sourceTree = "<group>"; };
		11F35C5C25575BAA00C520F8 /* Info.plist */ = {isa = PBXFileReference; lastKnownFileType = text.plist.xml; path = Info.plist; sourceTree = "<group>"; };
		11F35C6125575BAA00C520F8 /* Cooking-by-the-BookUITests.xctest */ = {isa = PBXFileReference; explicitFileType = wrapper.cfbundle; includeInIndex = 0; path = "Cooking-by-the-BookUITests.xctest"; sourceTree = BUILT_PRODUCTS_DIR; };
		11F35C6525575BAA00C520F8 /* Cooking_by_the_BookUITests.swift */ = {isa = PBXFileReference; lastKnownFileType = sourcecode.swift; path = Cooking_by_the_BookUITests.swift; sourceTree = "<group>"; };
		11F35C6725575BAA00C520F8 /* Info.plist */ = {isa = PBXFileReference; lastKnownFileType = text.plist.xml; path = Info.plist; sourceTree = "<group>"; };
/* End PBXFileReference section */

/* Begin PBXFrameworksBuildPhase section */
		11F35C3D25575BA700C520F8 /* Frameworks */ = {
			isa = PBXFrameworksBuildPhase;
			buildActionMask = 2147483647;
			files = (
			);
			runOnlyForDeploymentPostprocessing = 0;
		};
		11F35C5325575BAA00C520F8 /* Frameworks */ = {
			isa = PBXFrameworksBuildPhase;
			buildActionMask = 2147483647;
			files = (
			);
			runOnlyForDeploymentPostprocessing = 0;
		};
		11F35C5E25575BAA00C520F8 /* Frameworks */ = {
			isa = PBXFrameworksBuildPhase;
			buildActionMask = 2147483647;
			files = (
			);
			runOnlyForDeploymentPostprocessing = 0;
		};
/* End PBXFrameworksBuildPhase section */

/* Begin PBXGroup section */
		11F35C3725575BA700C520F8 = {
			isa = PBXGroup;
			children = (
				11F35C4225575BA700C520F8 /* Cooking-by-the-Book */,
				11F35C5925575BAA00C520F8 /* Cooking-by-the-BookTests */,
				11F35C6425575BAA00C520F8 /* Cooking-by-the-BookUITests */,
				11F35C4125575BA700C520F8 /* Products */,
			);
			sourceTree = "<group>";
		};
		11F35C4125575BA700C520F8 /* Products */ = {
			isa = PBXGroup;
			children = (
				11F35C4025575BA700C520F8 /* Cooking-by-the-Book.app */,
				11F35C5625575BAA00C520F8 /* Cooking-by-the-BookTests.xctest */,
				11F35C6125575BAA00C520F8 /* Cooking-by-the-BookUITests.xctest */,
			);
			name = Products;
			sourceTree = "<group>";
		};
		11F35C4225575BA700C520F8 /* Cooking-by-the-Book */ = {
			isa = PBXGroup;
			children = (
				11F35C4325575BA700C520F8 /* AppDelegate.swift */,
				11F35C4525575BA700C520F8 /* SceneDelegate.swift */,
				11F35C4725575BA700C520F8 /* ViewController.swift */,
				11F35C4925575BA700C520F8 /* Main.storyboard */,
				11F35C4C25575BAA00C520F8 /* Assets.xcassets */,
				11F35C4E25575BAA00C520F8 /* LaunchScreen.storyboard */,
				11F35C5125575BAA00C520F8 /* Info.plist */,
			);
			path = "Cooking-by-the-Book";
			sourceTree = "<group>";
		};
		11F35C5925575BAA00C520F8 /* Cooking-by-the-BookTests */ = {
			isa = PBXGroup;
			children = (
				11F35C5A25575BAA00C520F8 /* Cooking_by_the_BookTests.swift */,
				11F35C5C25575BAA00C520F8 /* Info.plist */,
			);
			path = "Cooking-by-the-BookTests";
			sourceTree = "<group>";
		};
		11F35C6425575BAA00C520F8 /* Cooking-by-the-BookUITests */ = {
			isa = PBXGroup;
			children = (
				11F35C6525575BAA00C520F8 /* Cooking_by_the_BookUITests.swift */,
				11F35C6725575BAA00C520F8 /* Info.plist */,
			);
			path = "Cooking-by-the-BookUITests";
			sourceTree = "<group>";
		};
/* End PBXGroup section */

/* Begin PBXNativeTarget section */
		11F35C3F25575BA700C520F8 /* Cooking-by-the-Book */ = {
			isa = PBXNativeTarget;
			buildConfigurationList = 11F35C6A25575BAA00C520F8 /* Build configuration list for PBXNativeTarget "Cooking-by-the-Book" */;
			buildPhases = (
				11F35C3C25575BA700C520F8 /* Sources */,
				11F35C3D25575BA700C520F8 /* Frameworks */,
				11F35C3E25575BA700C520F8 /* Resources */,
			);
			buildRules = (
			);
			dependencies = (
			);
			name = "Cooking-by-the-Book";
			productName = "Cooking-by-the-Book";
			productReference = 11F35C4025575BA700C520F8 /* Cooking-by-the-Book.app */;
			productType = "com.apple.product-type.application";
		};
		11F35C5525575BAA00C520F8 /* Cooking-by-the-BookTests */ = {
			isa = PBXNativeTarget;
			buildConfigurationList = 11F35C6D25575BAA00C520F8 /* Build configuration list for PBXNativeTarget "Cooking-by-the-BookTests" */;
			buildPhases = (
				11F35C5225575BAA00C520F8 /* Sources */,
				11F35C5325575BAA00C520F8 /* Frameworks */,
				11F35C5425575BAA00C520F8 /* Resources */,
			);
			buildRules = (
			);
			dependencies = (
				11F35C5825575BAA00C520F8 /* PBXTargetDependency */,
			);
			name = "Cooking-by-the-BookTests";
			productName = "Cooking-by-the-BookTests";
			productReference = 11F35C5625575BAA00C520F8 /* Cooking-by-the-BookTests.xctest */;
			productType = "com.apple.product-type.bundle.unit-test";
		};
		11F35C6025575BAA00C520F8 /* Cooking-by-the-BookUITests */ = {
			isa = PBXNativeTarget;
			buildConfigurationList = 11F35C7025575BAA00C520F8 /* Build configuration list for PBXNativeTarget "Cooking-by-the-BookUITests" */;
			buildPhases = (
				11F35C5D25575BAA00C520F8 /* Sources */,
				11F35C5E25575BAA00C520F8 /* Frameworks */,
				11F35C5F25575BAA00C520F8 /* Resources */,
			);
			buildRules = (
			);
			dependencies = (
				11F35C6325575BAA00C520F8 /* PBXTargetDependency */,
			);
			name = "Cooking-by-the-BookUITests";
			productName = "Cooking-by-the-BookUITests";
			productReference = 11F35C6125575BAA00C520F8 /* Cooking-by-the-BookUITests.xctest */;
			productType = "com.apple.product-type.bundle.ui-testing";
		};
/* End PBXNativeTarget section */

/* Begin PBXProject section */
		11F35C3825575BA700C520F8 /* Project object */ = {
			isa = PBXProject;
			attributes = {
				LastSwiftUpdateCheck = 1160;
				LastUpgradeCheck = 1160;
				ORGANIZATIONNAME = "Cooking by the Book";
				TargetAttributes = {
					11F35C3F25575BA700C520F8 = {
						CreatedOnToolsVersion = 11.6;
					};
					11F35C5525575BAA00C520F8 = {
						CreatedOnToolsVersion = 11.6;
						TestTargetID = 11F35C3F25575BA700C520F8;
					};
					11F35C6025575BAA00C520F8 = {
						CreatedOnToolsVersion = 11.6;
						TestTargetID = 11F35C3F25575BA700C520F8;
					};
				};
			};
			buildConfigurationList = 11F35C3B25575BA700C520F8 /* Build configuration list for PBXProject "Cooking-by-the-Book" */;
			compatibilityVersion = "Xcode 9.3";
			developmentRegion = en;
			hasScannedForEncodings = 0;
			knownRegions = (
				en,
				Base,
			);
			mainGroup = 11F35C3725575BA700C520F8;
			productRefGroup = 11F35C4125575BA700C520F8 /* Products */;
			projectDirPath = "";
			projectRoot = "";
			targets = (
				11F35C3F25575BA700C520F8 /* Cooking-by-the-Book */,
				11F35C5525575BAA00C520F8 /* Cooking-by-the-BookTests */,
				11F35C6025575BAA00C520F8 /* Cooking-by-the-BookUITests */,
			);
		};
/* End PBXProject section */

/* Begin PBXResourcesBuildPhase section */
		11F35C3E25575BA700C520F8 /* Resources */ = {
			isa = PBXResourcesBuildPhase;
			buildActionMask = 2147483647;
			files = (
				11F35C5025575BAA00C520F8 /* LaunchScreen.storyboard in Resources */,
				11F35C4D25575BAA00C520F8 /* Assets.xcassets in Resources */,
				11F35C4B25575BA700C520F8 /* Main.storyboard in Resources */,
			);
			runOnlyForDeploymentPostprocessing = 0;
		};
		11F35C5425575BAA00C520F8 /* Resources */ = {
			isa = PBXResourcesBuildPhase;
			buildActionMask = 2147483647;
			files = (
			);
			runOnlyForDeploymentPostprocessing = 0;
		};
		11F35C5F25575BAA00C520F8 /* Resources */ = {
			isa = PBXResourcesBuildPhase;
			buildActionMask = 2147483647;
			files = (
			);
			runOnlyForDeploymentPostprocessing = 0;
		};
/* End PBXResourcesBuildPhase section */

/* Begin PBXSourcesBuildPhase section */
		11F35C3C25575BA700C520F8 /* Sources */ = {
			isa = PBXSourcesBuildPhase;
			buildActionMask = 2147483647;
			files = (
				11F35C4825575BA700C520F8 /* ViewController.swift in Sources */,
				11F35C4425575BA700C520F8 /* AppDelegate.swift in Sources */,
				11F35C4625575BA700C520F8 /* SceneDelegate.swift in Sources */,
			);
			runOnlyForDeploymentPostprocessing = 0;
		};
		11F35C5225575BAA00C520F8 /* Sources */ = {
			isa = PBXSourcesBuildPhase;
			buildActionMask = 2147483647;
			files = (
				11F35C5B25575BAA00C520F8 /* Cooking_by_the_BookTests.swift in Sources */,
			);
			runOnlyForDeploymentPostprocessing = 0;
		};
		11F35C5D25575BAA00C520F8 /* Sources */ = {
			isa = PBXSourcesBuildPhase;
			buildActionMask = 2147483647;
			files = (
				11F35C6625575BAA00C520F8 /* Cooking_by_the_BookUITests.swift in Sources */,
			);
			runOnlyForDeploymentPostprocessing = 0;
		};
/* End PBXSourcesBuildPhase section */

/* Begin PBXTargetDependency section */
		11F35C5825575BAA00C520F8 /* PBXTargetDependency */ = {
			isa = PBXTargetDependency;
			target = 11F35C3F25575BA700C520F8 /* Cooking-by-the-Book */;
			targetProxy = 11F35C5725575BAA00C520F8 /* PBXContainerItemProxy */;
		};
		11F35C6325575BAA00C520F8 /* PBXTargetDependency */ = {
			isa = PBXTargetDependency;
			target = 11F35C3F25575BA700C520F8 /* Cooking-by-the-Book */;
			targetProxy = 11F35C6225575BAA00C520F8 /* PBXContainerItemProxy */;
		};
/* End PBXTargetDependency section */

/* Begin PBXVariantGroup section */
		11F35C4925575BA700C520F8 /* Main.storyboard */ = {
			isa = PBXVariantGroup;
			children = (
				11F35C4A25575BA700C520F8 /* Base */,
			);
			name = Main.storyboard;
			sourceTree = "<group>";
		};
		11F35C4E25575BAA00C520F8 /* LaunchScreen.storyboard */ = {
			isa = PBXVariantGroup;
			children = (
				11F35C4F25575BAA00C520F8 /* Base */,
			);
			name = LaunchScreen.storyboard;
			sourceTree = "<group>";
		};
/* End PBXVariantGroup section */

/* Begin XCBuildConfiguration section */
		11F35C6825575BAA00C520F8 /* Debug */ = {
			isa = XCBuildConfiguration;
			buildSettings = {
				ALWAYS_SEARCH_USER_PATHS = NO;
				CLANG_ANALYZER_NONNULL = YES;
				CLANG_ANALYZER_NUMBER_OBJECT_CONVERSION = YES_AGGRESSIVE;
				CLANG_CXX_LANGUAGE_STANDARD = "gnu++14";
				CLANG_CXX_LIBRARY = "libc++";
				CLANG_ENABLE_MODULES = YES;
				CLANG_ENABLE_OBJC_ARC = YES;
				CLANG_ENABLE_OBJC_WEAK = YES;
				CLANG_WARN_BLOCK_CAPTURE_AUTORELEASING = YES;
				CLANG_WARN_BOOL_CONVERSION = YES;
				CLANG_WARN_COMMA = YES;
				CLANG_WARN_CONSTANT_CONVERSION = YES;
				CLANG_WARN_DEPRECATED_OBJC_IMPLEMENTATIONS = YES;
				CLANG_WARN_DIRECT_OBJC_ISA_USAGE = YES_ERROR;
				CLANG_WARN_DOCUMENTATION_COMMENTS = YES;
				CLANG_WARN_EMPTY_BODY = YES;
				CLANG_WARN_ENUM_CONVERSION = YES;
				CLANG_WARN_INFINITE_RECURSION = YES;
				CLANG_WARN_INT_CONVERSION = YES;
				CLANG_WARN_NON_LITERAL_NULL_CONVERSION = YES;
				CLANG_WARN_OBJC_IMPLICIT_RETAIN_SELF = YES;
				CLANG_WARN_OBJC_LITERAL_CONVERSION = YES;
				CLANG_WARN_OBJC_ROOT_CLASS = YES_ERROR;
				CLANG_WARN_RANGE_LOOP_ANALYSIS = YES;
				CLANG_WARN_STRICT_PROTOTYPES = YES;
				CLANG_WARN_SUSPICIOUS_MOVE = YES;
				CLANG_WARN_UNGUARDED_AVAILABILITY = YES_AGGRESSIVE;
				CLANG_WARN_UNREACHABLE_CODE = YES;
				CLANG_WARN__DUPLICATE_METHOD_MATCH = YES;
				COPY_PHASE_STRIP = NO;
				DEBUG_INFORMATION_FORMAT = dwarf;
				ENABLE_STRICT_OBJC_MSGSEND = YES;
				ENABLE_TESTABILITY = YES;
				GCC_C_LANGUAGE_STANDARD = gnu11;
				GCC_DYNAMIC_NO_PIC = NO;
				GCC_NO_COMMON_BLOCKS = YES;
				GCC_OPTIMIZATION_LEVEL = 0;
				GCC_PREPROCESSOR_DEFINITIONS = (
					"DEBUG=1",
					"$(inherited)",
				);
				GCC_WARN_64_TO_32_BIT_CONVERSION = YES;
				GCC_WARN_ABOUT_RETURN_TYPE = YES_ERROR;
				GCC_WARN_UNDECLARED_SELECTOR = YES;
				GCC_WARN_UNINITIALIZED_AUTOS = YES_AGGRESSIVE;
				GCC_WARN_UNUSED_FUNCTION = YES;
				GCC_WARN_UNUSED_VARIABLE = YES;
				IPHONEOS_DEPLOYMENT_TARGET = 13.6;
				MTL_ENABLE_DEBUG_INFO = INCLUDE_SOURCE;
				MTL_FAST_MATH = YES;
				ONLY_ACTIVE_ARCH = YES;
				SDKROOT = iphoneos;
				SWIFT_ACTIVE_COMPILATION_CONDITIONS = DEBUG;
				SWIFT_OPTIMIZATION_LEVEL = "-Onone";
			};
			name = Debug;
		};
		11F35C6925575BAA00C520F8 /* Release */ = {
			isa = XCBuildConfiguration;
			buildSettings = {
				ALWAYS_SEARCH_USER_PATHS = NO;
				CLANG_ANALYZER_NONNULL = YES;
				CLANG_ANALYZER_NUMBER_OBJECT_CONVERSION = YES_AGGRESSIVE;
				CLANG_CXX_LANGUAGE_STANDARD = "gnu++14";
				CLANG_CXX_LIBRARY = "libc++";
				CLANG_ENABLE_MODULES = YES;
				CLANG_ENABLE_OBJC_ARC = YES;
				CLANG_ENABLE_OBJC_WEAK = YES;
				CLANG_WARN_BLOCK_CAPTURE_AUTORELEASING = YES;
				CLANG_WARN_BOOL_CONVERSION = YES;
				CLANG_WARN_COMMA = YES;
				CLANG_WARN_CONSTANT_CONVERSION = YES;
				CLANG_WARN_DEPRECATED_OBJC_IMPLEMENTATIONS = YES;
				CLANG_WARN_DIRECT_OBJC_ISA_USAGE = YES_ERROR;
				CLANG_WARN_DOCUMENTATION_COMMENTS = YES;
				CLANG_WARN_EMPTY_BODY = YES;
				CLANG_WARN_ENUM_CONVERSION = YES;
				CLANG_WARN_INFINITE_RECURSION = YES;
				CLANG_WARN_INT_CONVERSION = YES;
				CLANG_WARN_NON_LITERAL_NULL_CONVERSION = YES;
				CLANG_WARN_OBJC_IMPLICIT_RETAIN_SELF = YES;
				CLANG_WARN_OBJC_LITERAL_CONVERSION = YES;
				CLANG_WARN_OBJC_ROOT_CLASS = YES_ERROR;
				CLANG_WARN_RANGE_LOOP_ANALYSIS = YES;
				CLANG_WARN_STRICT_PROTOTYPES = YES;
				CLANG_WARN_SUSPICIOUS_MOVE = YES;
				CLANG_WARN_UNGUARDED_AVAILABILITY = YES_AGGRESSIVE;
				CLANG_WARN_UNREACHABLE_CODE = YES;
				CLANG_WARN__DUPLICATE_METHOD_MATCH = YES;
				COPY_PHASE_STRIP = NO;
				DEBUG_INFORMATION_FORMAT = "dwarf-with-dsym";
				ENABLE_NS_ASSERTIONS = NO;
				ENABLE_STRICT_OBJC_MSGSEND = YES;
				GCC_C_LANGUAGE_STANDARD = gnu11;
				GCC_NO_COMMON_BLOCKS = YES;
				GCC_WARN_64_TO_32_BIT_CONVERSION = YES;
				GCC_WARN_ABOUT_RETURN_TYPE = YES_ERROR;
				GCC_WARN_UNDECLARED_SELECTOR = YES;
				GCC_WARN_UNINITIALIZED_AUTOS = YES_AGGRESSIVE;
				GCC_WARN_UNUSED_FUNCTION = YES;
				GCC_WARN_UNUSED_VARIABLE = YES;
				IPHONEOS_DEPLOYMENT_TARGET = 13.6;
				MTL_ENABLE_DEBUG_INFO = NO;
				MTL_FAST_MATH = YES;
				SDKROOT = iphoneos;
				SWIFT_COMPILATION_MODE = wholemodule;
				SWIFT_OPTIMIZATION_LEVEL = "-O";
				VALIDATE_PRODUCT = YES;
			};
			name = Release;
		};
		11F35C6B25575BAA00C520F8 /* Debug */ = {
			isa = XCBuildConfiguration;
			buildSettings = {
				ASSETCATALOG_COMPILER_APPICON_NAME = AppIcon;
				CODE_SIGN_STYLE = Automatic;
				DEVELOPMENT_TEAM = NZHFHMS2X3;
				INFOPLIST_FILE = "Cooking-by-the-Book/Info.plist";
				LD_RUNPATH_SEARCH_PATHS = (
					"$(inherited)",
					"@executable_path/Frameworks",
				);
				PRODUCT_BUNDLE_IDENTIFIER = "Nathan-Latronica.Cooking-by-the-Book";
				PRODUCT_NAME = "$(TARGET_NAME)";
				SWIFT_VERSION = 5.0;
				TARGETED_DEVICE_FAMILY = "1,2";
			};
			name = Debug;
		};
		11F35C6C25575BAA00C520F8 /* Release */ = {
			isa = XCBuildConfiguration;
			buildSettings = {
				ASSETCATALOG_COMPILER_APPICON_NAME = AppIcon;
				CODE_SIGN_STYLE = Automatic;
				DEVELOPMENT_TEAM = NZHFHMS2X3;
				INFOPLIST_FILE = "Cooking-by-the-Book/Info.plist";
				LD_RUNPATH_SEARCH_PATHS = (
					"$(inherited)",
					"@executable_path/Frameworks",
				);
				PRODUCT_BUNDLE_IDENTIFIER = "Nathan-Latronica.Cooking-by-the-Book";
				PRODUCT_NAME = "$(TARGET_NAME)";
				SWIFT_VERSION = 5.0;
				TARGETED_DEVICE_FAMILY = "1,2";
			};
			name = Release;
		};
		11F35C6E25575BAA00C520F8 /* Debug */ = {
			isa = XCBuildConfiguration;
			buildSettings = {
				ALWAYS_EMBED_SWIFT_STANDARD_LIBRARIES = YES;
				BUNDLE_LOADER = "$(TEST_HOST)";
				CODE_SIGN_STYLE = Automatic;
				DEVELOPMENT_TEAM = NZHFHMS2X3;
				INFOPLIST_FILE = "Cooking-by-the-BookTests/Info.plist";
				IPHONEOS_DEPLOYMENT_TARGET = 13.6;
				LD_RUNPATH_SEARCH_PATHS = (
					"$(inherited)",
					"@executable_path/Frameworks",
					"@loader_path/Frameworks",
				);
				PRODUCT_BUNDLE_IDENTIFIER = "Nathan-Latronica.Cooking-by-the-BookTests";
				PRODUCT_NAME = "$(TARGET_NAME)";
				SWIFT_VERSION = 5.0;
				TARGETED_DEVICE_FAMILY = "1,2";
				TEST_HOST = "$(BUILT_PRODUCTS_DIR)/Cooking-by-the-Book.app/Cooking-by-the-Book";
			};
			name = Debug;
		};
		11F35C6F25575BAA00C520F8 /* Release */ = {
			isa = XCBuildConfiguration;
			buildSettings = {
				ALWAYS_EMBED_SWIFT_STANDARD_LIBRARIES = YES;
				BUNDLE_LOADER = "$(TEST_HOST)";
				CODE_SIGN_STYLE = Automatic;
				DEVELOPMENT_TEAM = NZHFHMS2X3;
				INFOPLIST_FILE = "Cooking-by-the-BookTests/Info.plist";
				IPHONEOS_DEPLOYMENT_TARGET = 13.6;
				LD_RUNPATH_SEARCH_PATHS = (
					"$(inherited)",
					"@executable_path/Frameworks",
					"@loader_path/Frameworks",
				);
				PRODUCT_BUNDLE_IDENTIFIER = "Nathan-Latronica.Cooking-by-the-BookTests";
				PRODUCT_NAME = "$(TARGET_NAME)";
				SWIFT_VERSION = 5.0;
				TARGETED_DEVICE_FAMILY = "1,2";
				TEST_HOST = "$(BUILT_PRODUCTS_DIR)/Cooking-by-the-Book.app/Cooking-by-the-Book";
			};
			name = Release;
		};
		11F35C7125575BAA00C520F8 /* Debug */ = {
			isa = XCBuildConfiguration;
			buildSettings = {
				ALWAYS_EMBED_SWIFT_STANDARD_LIBRARIES = YES;
				CODE_SIGN_STYLE = Automatic;
				DEVELOPMENT_TEAM = NZHFHMS2X3;
				INFOPLIST_FILE = "Cooking-by-the-BookUITests/Info.plist";
				LD_RUNPATH_SEARCH_PATHS = (
					"$(inherited)",
					"@executable_path/Frameworks",
					"@loader_path/Frameworks",
				);
				PRODUCT_BUNDLE_IDENTIFIER = "Nathan-Latronica.Cooking-by-the-BookUITests";
				PRODUCT_NAME = "$(TARGET_NAME)";
				SWIFT_VERSION = 5.0;
				TARGETED_DEVICE_FAMILY = "1,2";
				TEST_TARGET_NAME = "Cooking-by-the-Book";
			};
			name = Debug;
		};
		11F35C7225575BAA00C520F8 /* Release */ = {
			isa = XCBuildConfiguration;
			buildSettings = {
				ALWAYS_EMBED_SWIFT_STANDARD_LIBRARIES = YES;
				CODE_SIGN_STYLE = Automatic;
				DEVELOPMENT_TEAM = NZHFHMS2X3;
				INFOPLIST_FILE = "Cooking-by-the-BookUITests/Info.plist";
				LD_RUNPATH_SEARCH_PATHS = (
					"$(inherited)",
					"@executable_path/Frameworks",
					"@loader_path/Frameworks",
				);
				PRODUCT_BUNDLE_IDENTIFIER = "Nathan-Latronica.Cooking-by-the-BookUITests";
				PRODUCT_NAME = "$(TARGET_NAME)";
				SWIFT_VERSION = 5.0;
				TARGETED_DEVICE_FAMILY = "1,2";
				TEST_TARGET_NAME = "Cooking-by-the-Book";
			};
			name = Release;
		};
/* End XCBuildConfiguration section */

/* Begin XCConfigurationList section */
		11F35C3B25575BA700C520F8 /* Build configuration list for PBXProject "Cooking-by-the-Book" */ = {
			isa = XCConfigurationList;
			buildConfigurations = (
				11F35C6825575BAA00C520F8 /* Debug */,
				11F35C6925575BAA00C520F8 /* Release */,
			);
			defaultConfigurationIsVisible = 0;
			defaultConfigurationName = Release;
		};
		11F35C6A25575BAA00C520F8 /* Build configuration list for PBXNativeTarget "Cooking-by-the-Book" */ = {
			isa = XCConfigurationList;
			buildConfigurations = (
				11F35C6B25575BAA00C520F8 /* Debug */,
				11F35C6C25575BAA00C520F8 /* Release */,
			);
			defaultConfigurationIsVisible = 0;
			defaultConfigurationName = Release;
		};
		11F35C6D25575BAA00C520F8 /* Build configuration list for PBXNativeTarget "Cooking-by-the-BookTests" */ = {
			isa = XCConfigurationList;
			buildConfigurations = (
				11F35C6E25575BAA00C520F8 /* Debug */,
				11F35C6F25575BAA00C520F8 /* Release */,
			);
			defaultConfigurationIsVisible = 0;
			defaultConfigurationName = Release;
		};
		11F35C7025575BAA00C520F8 /* Build configuration list for PBXNativeTarget "Cooking-by-the-BookUITests" */ = {
			isa = XCConfigurationList;
			buildConfigurations = (
				11F35C7125575BAA00C520F8 /* Debug */,
				11F35C7225575BAA00C520F8 /* Release */,
			);
			defaultConfigurationIsVisible = 0;
			defaultConfigurationName = Release;
		};
/* End XCConfigurationList section */
	};
	rootObject = 11F35C3825575BA700C520F8 /* Project object */;
}
